
Microsoft Visual Studio Solution File, Format Version 9.00
# Visual Studio 2005
Project("{8BC9CEB8-8B4A-11D0-8D11-00A0C91BC942}") = "Offer", "Offer\Offer.vcproj", "{643DAF3F-5B46-48C7-9F74-DF7AF576F818}"
EndProject
Global
	GlobalSection(SolutionConfigurationPlatforms) = preSolution
		Debug|Win32 = Debug|Win32
		Release|Win32 = Release|Win32
	EndGlobalSection
	GlobalSection(ProjectConfigurationPlatforms) = postSolution
		{643DAF3F-5B46-48C7-9F74-DF7AF576F818}.Debug|Win32.ActiveCfg = Debug|Win32
		{643DAF3F-5B46-48C7-9F74-DF7AF576F818}.Debug|Win32.Build.0 = Debug|Win32
		{643DAF3F-5B46-48C7-9F74-DF7AF576F818}.Release|Win32.ActiveCfg = Release|Win32
		{643DAF3F-5B46-48C7-9F74-DF7AF576F818}.Release|Win32.Build.0 = Release|Win32
	EndGlobalSection
	GlobalSection(SolutionProperties) = preSolution
		HideSolutionNode = FALSE
	EndGlobalSection
EndGlobal
