
Microsoft Visual Studio Solution File, Format Version 11.00
# Visual Studio 2010
Project("{8BC9CEB8-8B4A-11D0-8D11-00A0C91BC942}") = "CryptDB", "CryptDB.vcxproj", "{2871FA08-C911-495F-8E14-89797959C60C}"
EndProject
Project("{8BC9CEB8-8B4A-11D0-8D11-00A0C91BC942}") = "KeyManager", "KeyManager\KeyManager.vcxproj", "{B00F64B6-43C8-4460-8273-31F6D7406438}"
EndProject
Global
	GlobalSection(SolutionConfigurationPlatforms) = preSolution
		Debug|Win32 = Debug|Win32
		Release|Win32 = Release|Win32
	EndGlobalSection
	GlobalSection(ProjectConfigurationPlatforms) = postSolution
		{2871FA08-C911-495F-8E14-89797959C60C}.Debug|Win32.ActiveCfg = Debug|Win32
		{2871FA08-C911-495F-8E14-89797959C60C}.Debug|Win32.Build.0 = Debug|Win32
		{2871FA08-C911-495F-8E14-89797959C60C}.Release|Win32.ActiveCfg = Release|Win32
		{2871FA08-C911-495F-8E14-89797959C60C}.Release|Win32.Build.0 = Release|Win32
		{B00F64B6-43C8-4460-8273-31F6D7406438}.Debug|Win32.ActiveCfg = Debug|Win32
		{B00F64B6-43C8-4460-8273-31F6D7406438}.Debug|Win32.Build.0 = Debug|Win32
		{B00F64B6-43C8-4460-8273-31F6D7406438}.Release|Win32.ActiveCfg = Release|Win32
		{B00F64B6-43C8-4460-8273-31F6D7406438}.Release|Win32.Build.0 = Release|Win32
	EndGlobalSection
	GlobalSection(SolutionProperties) = preSolution
		HideSolutionNode = FALSE
	EndGlobalSection
EndGlobal
